
Microsoft Visual Studio Solution File, Format Version 12.00
# Visual Studio 15
VisualStudioVersion = 15.0.28010.2046
MinimumVisualStudioVersion = 10.0.40219.1
Project("{9A19103F-16F7-4668-BE54-9A1E7A4F7556}") = "API", "API.csproj", "{E3750D59-1927-4F2C-891A-45955C421AEE}"
EndProject
Global
	GlobalSection(SolutionConfigurationPlatforms) = preSolution
		Debug|Any CPU = Debug|Any CPU
		Release|Any CPU = Release|Any CPU
	EndGlobalSection
	GlobalSection(ProjectConfigurationPlatforms) = postSolution
		{E3750D59-1927-4F2C-891A-45955C421AEE}.Debug|Any CPU.ActiveCfg = Debug|Any CPU
		{E3750D59-1927-4F2C-891A-45955C421AEE}.Debug|Any CPU.Build.0 = Debug|Any CPU
		{E3750D59-1927-4F2C-891A-45955C421AEE}.Release|Any CPU.ActiveCfg = Release|Any CPU
		{E3750D59-1927-4F2C-891A-45955C421AEE}.Release|Any CPU.Build.0 = Release|Any CPU
	EndGlobalSection
	GlobalSection(SolutionProperties) = preSolution
		HideSolutionNode = FALSE
	EndGlobalSection
	GlobalSection(ExtensibilityGlobals) = postSolution
		SolutionGuid = {58E5DCAD-8CE9-45F7-A43E-D8B58EC28900}
	EndGlobalSection
EndGlobal
